[[package]]
name = "inflect"
version = "5.3.0"
description = "Correctly generate plurals, singular nouns, ordinals, indefinite articles; convert numbers to words"
category = "main"
optional = false
python-versions = ">=3.6"

[package.extras]
docs = ["sphinx", "jaraco.packaging (>=8.2)", "rst.linker (>=1.9)"]
testing = ["pytest (>=4.6)", "pytest-checkdocs (>=1.2.3)", "pytest-flake8", "pytest-cov", "pytest-enabler", "pygments", "pytest-black (>=0.3.7)", "pytest-mypy"]

[metadata]
lock-version = "1.1"
python-versions = "^3.8"
content-hash = "af9e43228fb5bfe049899ccc5029c1e356dab8456fe5ca9fa4f1ac93ee7ba105"

[metadata.files]
inflect = [
    {file = "inflect-5.3.0-py3-none-any.whl", hash = "sha256:42560be16af702a21d43d59427f276b5aed79efb1ded9b713468c081f4353d10"},
    {file = "inflect-5.3.0.tar.gz", hash = "sha256:41a23f6788962e9775e40e2ecfb1d6455d02de315022afeedd3c5dc070019d73"},
]
